{
  "version": 4,
  "terraform_version": "1.0.11",
  "serial": 215,
  "lineage": "a32b932b-e130-a100-e60d-ee1b9a7f5f50",
  "outputs": {
    "alb-sg-id": {
      "value": "sg-0f2f3da7b83f4ffc8",
      "type": "string"
    },
    "bastion-sg-id": {
      "value": "sg-0414b889978b1ba1d",
      "type": "string"
    },
    "private_subnet_id": {
      "value": [
        "subnet-0618c7e0ede9127b5",
        "subnet-036c9d07c30d0a2bc",
        "subnet-0f641eabe69fee78a"
      ],
      "type": [
        "tuple",
        [
          "string",
          "string",
          "string"
        ]
      ]
    },
    "public_subnet_id": {
      "value": [
        "subnet-0393aa60401be61ba",
        "subnet-0b5e06d59c43bda6a",
        "subnet-0d8483db5310afcc3"
      ],
      "type": [
        "tuple",
        [
          "string",
          "string",
          "string"
        ]
      ]
    },
    "vpc_id": {
      "value": "vpc-0d168ee3e5547fa4a",
      "type": "string"
    }
  },
  "resources": [
    {
      "module": "module.vpc",
      "mode": "managed",
      "type": "aws_internet_gateway",
      "name": "main",
      "provider": "provider[\"registry.terraform.io/hashicorp/aws\"]",
      "instances": [
        {
          "schema_version": 0,
          "attributes": {
            "arn": "arn:aws:ec2:us-east-1:396254537602:internet-gateway/igw-0d2e5b64ff80f54b0",
            "id": "igw-0d2e5b64ff80f54b0",
            "owner_id": "396254537602",
            "tags": {
              "Automated": "yes",
              "Name": "main"
            },
            "tags_all": {
              "Automated": "yes",
              "Name": "main"
            },
            "vpc_id": "vpc-0d168ee3e5547fa4a"
          },
          "sensitive_attributes": [],
          "private": "bnVsbA==",
          "dependencies": [
            "module.vpc.aws_vpc.main"
          ]
        }
      ]
    },
    {
      "module": "module.vpc",
      "mode": "managed",
      "type": "aws_vpc",
      "name": "main",
      "provider": "provider[\"registry.terraform.io/hashicorp/aws\"]",
      "instances": [
        {
          "schema_version": 1,
          "attributes": {
            "arn": "arn:aws:ec2:us-east-1:396254537602:vpc/vpc-0d168ee3e5547fa4a",
            "assign_generated_ipv6_cidr_block": false,
            "cidr_block": "10.0.0.0/16",
            "default_network_acl_id": "acl-08d29fe29e92cd007",
            "default_route_table_id": "rtb-09bb0a67a01c565ac",
            "default_security_group_id": "sg-01ca526d4de08e6fd",
            "dhcp_options_id": "dopt-0a9382b5846697525",
            "enable_classiclink": false,
            "enable_classiclink_dns_support": false,
            "enable_dns_hostnames": true,
            "enable_dns_support": true,
            "id": "vpc-0d168ee3e5547fa4a",
            "instance_tenancy": "default",
            "ipv4_ipam_pool_id": null,
            "ipv4_netmask_length": null,
            "ipv6_association_id": "",
            "ipv6_cidr_block": "",
            "ipv6_cidr_block_network_border_group": "",
            "ipv6_ipam_pool_id": "",
            "ipv6_netmask_length": 0,
            "main_route_table_id": "rtb-09bb0a67a01c565ac",
            "owner_id": "396254537602",
            "tags": {
              "Name": "main"
            },
            "tags_all": {
              "Name": "main"
            }
          },
          "sensitive_attributes": [],
          "private": "eyJzY2hlbWFfdmVyc2lvbiI6IjEifQ=="
        }
      ]
    }
  ]
}
