{
  "version": 4,
  "terraform_version": "1.0.11",
  "serial": 338,
  "lineage": "a32b932b-e130-a100-e60d-ee1b9a7f5f50",
  "outputs": {
    "alb-sg-id": {
      "value": "sg-0e97fffbc20e4a75c",
      "type": "string"
    },
    "bastion-sg-id": {
      "value": "sg-0d2da3dea63df700f",
      "type": "string"
    },
    "cert": {
      "value": "arn:aws:acm:eu-west-1:396254537602:certificate/9213c3c2-f23e-4326-b5a1-87034578f24f",
      "type": "string"
    },
    "certificate": {
      "value": "arn:aws:acm:eu-west-1:396254537602:certificate/9213c3c2-f23e-4326-b5a1-87034578f24f",
      "type": "string"
    },
    "private_subnet_id": {
      "value": [
        "subnet-060792f674953c4ee",
        "subnet-0f522ec229b1bc30a",
        "subnet-05b2a8f91791bd3be"
      ],
      "type": [
        "tuple",
        [
          "string",
          "string",
          "string"
        ]
      ]
    },
    "public_subnet_id": {
      "value": [
        "subnet-06bc6d2f6b4de5f40",
        "subnet-0034bbe82dcceaacc",
        "subnet-0584ae3009c2ca084"
      ],
      "type": [
        "tuple",
        [
          "string",
          "string",
          "string"
        ]
      ]
    },
    "vpc_id": {
      "value": "vpc-0834c0daa1be23b6d",
      "type": "string"
    }
  },
  "resources": [
    {
      "module": "module.acm",
      "mode": "data",
      "type": "aws_acm_certificate",
      "name": "cert_issued",
      "provider": "provider[\"registry.terraform.io/hashicorp/aws\"]",
      "instances": [
        {
          "schema_version": 0,
          "attributes": {
            "arn": "arn:aws:acm:eu-west-1:396254537602:certificate/9213c3c2-f23e-4326-b5a1-87034578f24f",
            "domain": "*.senistone.co.uk",
            "id": "arn:aws:acm:eu-west-1:396254537602:certificate/9213c3c2-f23e-4326-b5a1-87034578f24f",
            "key_types": null,
            "most_recent": true,
            "status": "ISSUED",
            "statuses": [
              "ISSUED"
            ],
            "tags": {},
            "types": [
              "AMAZON_ISSUED"
            ]
          },
          "sensitive_attributes": []
        }
      ]
    },
    {
      "module": "module.acm",
      "mode": "data",
      "type": "aws_route53_zone",
      "name": "public",
      "provider": "provider[\"registry.terraform.io/hashicorp/aws\"]",
      "instances": [
        {
          "schema_version": 0,
          "attributes": {
            "arn": "arn:aws:route53:::hostedzone/Z05942591BBZANTS6XK8U",
            "caller_reference": "RISWorkflow-RD:c19ae945-e452-4941-bbb4-d6c521e8a8b9",
            "comment": "HostedZone created by Route53 Registrar",
            "id": "Z05942591BBZANTS6XK8U",
            "linked_service_description": null,
            "linked_service_principal": null,
            "name": "senistone.co.uk",
            "name_servers": [
              "ns-711.awsdns-24.net",
              "ns-368.awsdns-46.com",
              "ns-1773.awsdns-29.co.uk",
              "ns-1249.awsdns-28.org"
            ],
            "private_zone": false,
            "resource_record_set_count": 8,
            "tags": {},
            "vpc_id": null,
            "zone_id": "Z05942591BBZANTS6XK8U"
          },
          "sensitive_attributes": []
        }
      ]
    },
    {
      "module": "module.acm",
      "mode": "managed",
      "type": "aws_acm_certificate",
      "name": "cert",
      "provider": "provider[\"registry.terraform.io/hashicorp/aws\"]",
      "instances": [
        {
          "schema_version": 0,
          "attributes": {
            "arn": "arn:aws:acm:eu-west-1:396254537602:certificate/9213c3c2-f23e-4326-b5a1-87034578f24f",
            "certificate_authority_arn": "",
            "certificate_body": null,
            "certificate_chain": null,
            "domain_name": "*.senistone.co.uk",
            "domain_validation_options": [
              {
                "domain_name": "*.senistone.co.uk",
                "resource_record_name": "_1540c04fda3989ead09c0219585482ad.senistone.co.uk.",
                "resource_record_type": "CNAME",
                "resource_record_value": "_fd93f026e1af2d931bbef6311fd7dcac.ffbjkxtvyn.acm-validations.aws."
              },
              {
                "domain_name": "web.senistone.co.uk",
                "resource_record_name": "_eab087796b1b5ec64c0227b1d4cff609.web.senistone.co.uk.",
                "resource_record_type": "CNAME",
                "resource_record_value": "_3e18b1f22cb78a1fa32e0e8e9ceaed2a.ffbjkxtvyn.acm-validations.aws."
              }
            ],
            "id": "arn:aws:acm:eu-west-1:396254537602:certificate/9213c3c2-f23e-4326-b5a1-87034578f24f",
            "options": [
              {
                "certificate_transparency_logging_preference": "ENABLED"
              }
            ],
            "private_key": null,
            "status": "ISSUED",
            "subject_alternative_names": [
              "*.senistone.co.uk",
              "web.senistone.co.uk"
            ],
            "tags": {},
            "tags_all": {},
            "validation_emails": [],
            "validation_method": "DNS",
            "validation_option": []
          },
          "sensitive_attributes": [],
          "private": "bnVsbA==",
          "create_before_destroy": true
        }
      ]
    },
    {
      "module": "module.acm",
      "mode": "managed",
      "type": "aws_acm_certificate_validation",
      "name": "cert-validation",
      "provider": "provider[\"registry.terraform.io/hashicorp/aws\"]",
      "instances": [
        {
          "schema_version": 0,
          "attributes": {
            "certificate_arn": "arn:aws:acm:eu-west-1:396254537602:certificate/9213c3c2-f23e-4326-b5a1-87034578f24f",
            "id": "2022-06-03 04:45:00.653 +0000 UTC",
            "timeouts": null,
            "validation_record_fqdns": [
              "_1540c04fda3989ead09c0219585482ad.senistone.co.uk",
              "_eab087796b1b5ec64c0227b1d4cff609.web.senistone.co.uk"
            ]
          },
          "sensitive_attributes": [],
          "private": "eyJlMmJmYjczMC1lY2FhLTExZTYtOGY4OC0zNDM2M2JjN2M0YzAiOnsiY3JlYXRlIjo0NTAwMDAwMDAwMDAwfX0=",
          "dependencies": [
            "module.acm.data.aws_route53_zone.public",
            "module.acm.aws_acm_certificate.cert",
            "module.acm.aws_route53_record.alb_aliase"
          ]
        }
      ]
    },
    {
      "module": "module.acm",
      "mode": "managed",
      "type": "aws_route53_record",
      "name": "alb_aliase",
      "provider": "provider[\"registry.terraform.io/hashicorp/aws\"]",
      "instances": [
        {
          "index_key": "*.senistone.co.uk",
          "schema_version": 2,
          "attributes": {
            "alias": [],
            "allow_overwrite": true,
            "failover_routing_policy": [],
            "fqdn": "_1540c04fda3989ead09c0219585482ad.senistone.co.uk",
            "geolocation_routing_policy": [],
            "health_check_id": "",
            "id": "Z05942591BBZANTS6XK8U__1540c04fda3989ead09c0219585482ad.senistone.co.uk._CNAME",
            "latency_routing_policy": [],
            "multivalue_answer_routing_policy": null,
            "name": "_1540c04fda3989ead09c0219585482ad.senistone.co.uk",
            "records": [
              "_fd93f026e1af2d931bbef6311fd7dcac.ffbjkxtvyn.acm-validations.aws."
            ],
            "set_identifier": "",
            "ttl": 60,
            "type": "CNAME",
            "weighted_routing_policy": [],
            "zone_id": "Z05942591BBZANTS6XK8U"
          },
          "sensitive_attributes": [],
          "private": "eyJzY2hlbWFfdmVyc2lvbiI6IjIifQ==",
          "dependencies": [
            "module.acm.aws_acm_certificate.cert",
            "module.acm.data.aws_route53_zone.public"
          ]
        },
        {
          "index_key": "web.senistone.co.uk",
          "schema_version": 2,
          "attributes": {
            "alias": [],
            "allow_overwrite": true,
            "failover_routing_policy": [],
            "fqdn": "_eab087796b1b5ec64c0227b1d4cff609.web.senistone.co.uk",
            "geolocation_routing_policy": [],
            "health_check_id": "",
            "id": "Z05942591BBZANTS6XK8U__eab087796b1b5ec64c0227b1d4cff609.web.senistone.co.uk._CNAME",
            "latency_routing_policy": [],
            "multivalue_answer_routing_policy": null,
            "name": "_eab087796b1b5ec64c0227b1d4cff609.web.senistone.co.uk",
            "records": [
              "_3e18b1f22cb78a1fa32e0e8e9ceaed2a.ffbjkxtvyn.acm-validations.aws."
            ],
            "set_identifier": "",
            "ttl": 60,
            "type": "CNAME",
            "weighted_routing_policy": [],
            "zone_id": "Z05942591BBZANTS6XK8U"
          },
          "sensitive_attributes": [],
          "private": "eyJzY2hlbWFfdmVyc2lvbiI6IjIifQ==",
          "dependencies": [
            "module.acm.data.aws_route53_zone.public",
            "module.acm.aws_acm_certificate.cert"
          ]
        }
      ]
    },
    {
      "module": "module.vpc",
      "mode": "managed",
      "type": "aws_internet_gateway",
      "name": "main",
      "provider": "provider[\"registry.terraform.io/hashicorp/aws\"]",
      "instances": [
        {
          "schema_version": 0,
          "attributes": {
            "arn": "arn:aws:ec2:eu-west-1:396254537602:internet-gateway/igw-05bfd14e99c064a6b",
            "id": "igw-05bfd14e99c064a6b",
            "owner_id": "396254537602",
            "tags": {
              "Automated": "yes",
              "Name": "main"
            },
            "tags_all": {
              "Automated": "yes",
              "Name": "main"
            },
            "vpc_id": "vpc-0834c0daa1be23b6d"
          },
          "sensitive_attributes": [],
          "private": "bnVsbA==",
          "dependencies": [
            "module.vpc.aws_vpc.main"
          ]
        }
      ]
    },
    {
      "module": "module.vpc",
      "mode": "managed",
      "type": "aws_vpc",
      "name": "main",
      "provider": "provider[\"registry.terraform.io/hashicorp/aws\"]",
      "instances": [
        {
          "schema_version": 1,
          "attributes": {
            "arn": "arn:aws:ec2:eu-west-1:396254537602:vpc/vpc-0834c0daa1be23b6d",
            "assign_generated_ipv6_cidr_block": false,
            "cidr_block": "10.0.0.0/16",
            "default_network_acl_id": "acl-03cc7e924a8d1da83",
            "default_route_table_id": "rtb-08b0a7439131d3630",
            "default_security_group_id": "sg-091c70f05fc00d7b0",
            "dhcp_options_id": "dopt-0f37643e733202953",
            "enable_classiclink": false,
            "enable_classiclink_dns_support": false,
            "enable_dns_hostnames": true,
            "enable_dns_support": true,
            "id": "vpc-0834c0daa1be23b6d",
            "instance_tenancy": "default",
            "ipv4_ipam_pool_id": null,
            "ipv4_netmask_length": null,
            "ipv6_association_id": "",
            "ipv6_cidr_block": "",
            "ipv6_cidr_block_network_border_group": "",
            "ipv6_ipam_pool_id": "",
            "ipv6_netmask_length": 0,
            "main_route_table_id": "rtb-08b0a7439131d3630",
            "owner_id": "396254537602",
            "tags": {
              "Name": "main"
            },
            "tags_all": {
              "Name": "main"
            }
          },
          "sensitive_attributes": [],
          "private": "eyJzY2hlbWFfdmVyc2lvbiI6IjEifQ=="
        }
      ]
    }
  ]
}
